
Microsoft Visual Studio Solution File, Format Version 12.00
# Visual Studio Version 17
VisualStudioVersion = 17.9.34728.123
MinimumVisualStudioVersion = 10.0.40219.1
Project("{FAE04EC0-301F-11D3-BF4B-00C04F79EFBC}") = "TPKW2", "TPKW2\TPKW2.csproj", "{DF3AB0F6-04F3-4C92-AC1A-1621B1E2B997}"
EndProject
Global
	GlobalSection(SolutionConfigurationPlatforms) = preSolution
		Debug|Any CPU = Debug|Any CPU
		Release|Any CPU = Release|Any CPU
	EndGlobalSection
	GlobalSection(ProjectConfigurationPlatforms) = postSolution
		{DF3AB0F6-04F3-4C92-AC1A-1621B1E2B997}.Debug|Any CPU.ActiveCfg = Debug|Any CPU
		{DF3AB0F6-04F3-4C92-AC1A-1621B1E2B997}.Debug|Any CPU.Build.0 = Debug|Any CPU
		{DF3AB0F6-04F3-4C92-AC1A-1621B1E2B997}.Release|Any CPU.ActiveCfg = Release|Any CPU
		{DF3AB0F6-04F3-4C92-AC1A-1621B1E2B997}.Release|Any CPU.Build.0 = Release|Any CPU
	EndGlobalSection
	GlobalSection(SolutionProperties) = preSolution
		HideSolutionNode = FALSE
	EndGlobalSection
	GlobalSection(ExtensibilityGlobals) = postSolution
		SolutionGuid = {001F2B77-3A7C-4781-B6FF-4E93C517959D}
	EndGlobalSection
EndGlobal
